
Microsoft Visual Studio Solution File, Format Version 12.00
# Visual Studio Version 17
VisualStudioVersion = 17.7.34031.279
MinimumVisualStudioVersion = 10.0.40219.1
Project("{FAE04EC0-301F-11D3-BF4B-00C04F79EFBC}") = "WindowsFormsApp9", "WindowsFormsApp9.csproj", "{0E64EAE0-F06C-408F-8E32-30CC0D70D080}"
EndProject
Global
	GlobalSection(SolutionConfigurationPlatforms) = preSolution
		Debug|Any CPU = Debug|Any CPU
		Release|Any CPU = Release|Any CPU
	EndGlobalSection
	GlobalSection(ProjectConfigurationPlatforms) = postSolution
		{0E64EAE0-F06C-408F-8E32-30CC0D70D080}.Debug|Any CPU.ActiveCfg = Debug|Any CPU
		{0E64EAE0-F06C-408F-8E32-30CC0D70D080}.Debug|Any CPU.Build.0 = Debug|Any CPU
		{0E64EAE0-F06C-408F-8E32-30CC0D70D080}.Release|Any CPU.ActiveCfg = Release|Any CPU
		{0E64EAE0-F06C-408F-8E32-30CC0D70D080}.Release|Any CPU.Build.0 = Release|Any CPU
	EndGlobalSection
	GlobalSection(SolutionProperties) = preSolution
		HideSolutionNode = FALSE
	EndGlobalSection
	GlobalSection(ExtensibilityGlobals) = postSolution
		SolutionGuid = {A05A292A-AA0B-4AE3-86B9-5C05B4F3FE64}
	EndGlobalSection
EndGlobal
